<?xml version="1.0" encoding="utf-8"?>
<Project ToolsVersion="4.0" xmlns="http://schemas.microsoft.com/developer/msbuild/2003">
  <ItemGroup>
    <ClCompile Include="..\..\..\Src\Demo\00-UnitTest\Main.cpp" />
    <ClCompile Include="..\..\..\Src\Demo\00-UnitTest\TimeTest.cpp" />
    <ClCompile Include="..\..\..\Src\Demo\00-UnitTest\AtomicIntTest.cpp" />
    <ClCompile Include="..\..\..\Src\Demo\00-UnitTest\UnitTestSelfTest.cpp" />
    <ClCompile Include="..\..\..\Src\Demo\00-UnitTest\SmartPtrTest.cpp" />
  </ItemGroup>
</Project>