<?xml version="1.0" encoding="utf-8"?>
<Project ToolsVersion="4.0" xmlns="http://schemas.microsoft.com/developer/msbuild/2003">
  <ItemGroup>
    <ClCompile Include="..\..\..\Src\Demo\00-UnitTest\Main.cpp" />
    <ClCompile Include="..\..\..\Src\Demo\00-UnitTest\Driver\Client\DeviceTest.cpp">
      <Filter>Driver\Client</Filter>
    </ClCompile>
    <ClCompile Include="..\..\..\Src\Demo\00-UnitTest\Driver\Server\FakeDevice.cpp">
      <Filter>Driver\Server</Filter>
    </ClCompile>
    <ClCompile Include="..\..\..\Src\Demo\00-UnitTest\Driver\Server\FakeFactory.cpp">
      <Filter>Driver\Server</Filter>
    </ClCompile>
    <ClCompile Include="..\..\..\Src\Demo\00-UnitTest\Kernel\AtomicIntTest.cpp">
      <Filter>Kernel</Filter>
    </ClCompile>
    <ClCompile Include="..\..\..\Src\Demo\00-UnitTest\Kernel\ConditionVariableTest.cpp">
      <Filter>Kernel</Filter>
    </ClCompile>
    <ClCompile Include="..\..\..\Src\Demo\00-UnitTest\Kernel\MutexFastTest.cpp">
      <Filter>Kernel</Filter>
    </ClCompile>
    <ClCompile Include="..\..\..\Src\Demo\00-UnitTest\Kernel\SmartPtrTest.cpp">
      <Filter>Kernel</Filter>
    </ClCompile>
    <ClCompile Include="..\..\..\Src\Demo\00-UnitTest\Kernel\ThreadTest.cpp">
      <Filter>Kernel</Filter>
    </ClCompile>
    <ClCompile Include="..\..\..\Src\Demo\00-UnitTest\Kernel\TimeTest.cpp">
      <Filter>Kernel</Filter>
    </ClCompile>
    <ClCompile Include="..\..\..\Src\Demo\00-UnitTest\Kernel\UnitTestSelfTest.cpp">
      <Filter>Kernel</Filter>
    </ClCompile>
    <ClCompile Include="..\..\..\Src\Demo\00-UnitTest\Driver\Client\Command\FakeCommand.cpp">
      <Filter>Driver\Client\Command</Filter>
    </ClCompile>
    <ClCompile Include="..\..\..\Src\Demo\00-UnitTest\Driver\Server\Command\FakeServerCommand.cpp">
      <Filter>Driver\Server\Command</Filter>
    </ClCompile>
    <ClCompile Include="..\..\..\Src\Demo\00-UnitTest\Driver\Client\CommandTest.cpp">
      <Filter>Driver\Client</Filter>
    </ClCompile>
    <ClCompile Include="..\..\..\Src\Demo\00-UnitTest\Driver\Client\CommandLockerTest.cpp">
      <Filter>Driver\Client</Filter>
    </ClCompile>
    <ClCompile Include="..\..\..\Src\Demo\00-UnitTest\Driver\Client\CommandBufferTest.cpp">
      <Filter>Driver\Client</Filter>
    </ClCompile>
  </ItemGroup>
  <ItemGroup>
    <Filter Include="Driver">
      <UniqueIdentifier>{b9759f88-8486-4c9e-afec-853fd092ff70}</UniqueIdentifier>
    </Filter>
    <Filter Include="Driver\Client">
      <UniqueIdentifier>{ed135d35-f659-4611-99cb-2be4e6d219ed}</UniqueIdentifier>
    </Filter>
    <Filter Include="Driver\Server">
      <UniqueIdentifier>{ef5bc8bd-9ce4-4a8d-9bbf-5dce44997d5b}</UniqueIdentifier>
    </Filter>
    <Filter Include="Kernel">
      <UniqueIdentifier>{52b72e6b-dbd0-4492-873e-347fb892c4b7}</UniqueIdentifier>
    </Filter>
    <Filter Include="Driver\Client\Command">
      <UniqueIdentifier>{c03eed9e-7e86-4a62-92e5-0e5247fb5fb9}</UniqueIdentifier>
    </Filter>
    <Filter Include="Driver\Server\Command">
      <UniqueIdentifier>{d5575850-a526-4bd1-b8cc-28afda41e6e7}</UniqueIdentifier>
    </Filter>
  </ItemGroup>
  <ItemGroup>
    <ClInclude Include="..\..\..\Src\Demo\00-UnitTest\Driver\Server\FakeDevice.h">
      <Filter>Driver\Server</Filter>
    </ClInclude>
    <ClInclude Include="..\..\..\Src\Demo\00-UnitTest\Driver\Server\FakeFactory.h">
      <Filter>Driver\Server</Filter>
    </ClInclude>
    <ClInclude Include="..\..\..\Src\Demo\00-UnitTest\Driver\Client\Command\FakeCommand.h">
      <Filter>Driver\Client\Command</Filter>
    </ClInclude>
    <ClInclude Include="..\..\..\Src\Demo\00-UnitTest\Driver\Server\Command\FakeServerCommand.h">
      <Filter>Driver\Server\Command</Filter>
    </ClInclude>
  </ItemGroup>
</Project>