<?xml version="1.0" encoding="utf-8"?>
<Project ToolsVersion="4.0" xmlns="http://schemas.microsoft.com/developer/msbuild/2003">
  <ItemGroup>
    <Filter Include="Kernel">
      <UniqueIdentifier>{c1626265-16ce-41e1-bf79-916b72b249c8}</UniqueIdentifier>
    </Filter>
    <Filter Include="Application">
      <UniqueIdentifier>{a9b90e2c-432c-4486-8c50-d8acc4625657}</UniqueIdentifier>
    </Filter>
    <Filter Include="Driver">
      <UniqueIdentifier>{2ad30094-4ebf-4b70-8919-ee44ced6d485}</UniqueIdentifier>
    </Filter>
    <Filter Include="Kernel\UnitTest">
      <UniqueIdentifier>{70608603-e5fb-4c89-9e7c-1711a38554a1}</UniqueIdentifier>
    </Filter>
    <Filter Include="Kernel\String">
      <UniqueIdentifier>{c5c415d2-3890-4cd1-87bc-04cdad240048}</UniqueIdentifier>
    </Filter>
    <Filter Include="Kernel\Common">
      <UniqueIdentifier>{62b832d3-8cbb-4df7-8b5e-12b1bc07581c}</UniqueIdentifier>
    </Filter>
  </ItemGroup>
  <ItemGroup>
    <ClInclude Include="..\..\..\Src\Framework\Kernel\PlatformDefines.h">
      <Filter>Kernel</Filter>
    </ClInclude>
    <ClInclude Include="..\..\..\Src\Framework\Application\IApplication.h">
      <Filter>Application</Filter>
    </ClInclude>
    <ClInclude Include="..\..\..\Src\Framework\Application\Application.h">
      <Filter>Application</Filter>
    </ClInclude>
    <ClInclude Include="..\..\..\Src\Framework\FatFramework.h" />
    <ClInclude Include="..\..\..\Src\Framework\Kernel\Types.h">
      <Filter>Kernel</Filter>
    </ClInclude>
    <ClInclude Include="..\..\..\Src\Framework\Kernel\String\TCharTraits.h">
      <Filter>Kernel\String</Filter>
    </ClInclude>
    <ClInclude Include="..\..\..\Src\Framework\Kernel\String\TStackString.h">
      <Filter>Kernel\String</Filter>
    </ClInclude>
    <ClInclude Include="..\..\..\Src\Framework\Kernel\String\TString.h">
      <Filter>Kernel\String</Filter>
    </ClInclude>
    <ClInclude Include="..\..\..\Src\Framework\Kernel\Common\Assertion.h">
      <Filter>Kernel\Common</Filter>
    </ClInclude>
    <ClInclude Include="..\..\..\Src\Framework\Kernel\Common\Memory.h">
      <Filter>Kernel\Common</Filter>
    </ClInclude>
    <ClInclude Include="..\..\..\Src\Framework\Kernel\Common\Log.h">
      <Filter>Kernel\Common</Filter>
    </ClInclude>
    <ClInclude Include="..\..\..\Src\Framework\Kernel\UnitTest\UnitTest.h">
      <Filter>Kernel\UnitTest</Filter>
    </ClInclude>
    <ClInclude Include="..\..\..\Src\Framework\Kernel\Common\NonCopyable.h">
      <Filter>Kernel\Common</Filter>
    </ClInclude>
    <ClInclude Include="..\..\..\Src\Framework\Kernel\Common\Time.h">
      <Filter>Kernel\Common</Filter>
    </ClInclude>
  </ItemGroup>
  <ItemGroup>
    <ClCompile Include="..\..\..\Src\Framework\Application\Application.cpp">
      <Filter>Application</Filter>
    </ClCompile>
    <ClCompile Include="..\..\..\Src\Framework\Kernel\Common\Assertion.cpp">
      <Filter>Kernel\Common</Filter>
    </ClCompile>
    <ClCompile Include="..\..\..\Src\Framework\Kernel\Common\Memory.cpp">
      <Filter>Kernel\Common</Filter>
    </ClCompile>
    <ClCompile Include="..\..\..\Src\Framework\Kernel\Common\Log.cpp">
      <Filter>Kernel\Common</Filter>
    </ClCompile>
    <ClCompile Include="..\..\..\Src\Framework\Kernel\UnitTest\UnitTest.cpp">
      <Filter>Kernel\UnitTest</Filter>
    </ClCompile>
    <ClCompile Include="..\..\..\Src\Framework\Kernel\Common\Time.cpp">
      <Filter>Kernel\Common</Filter>
    </ClCompile>
  </ItemGroup>
</Project>