<?xml version="1.0" encoding="utf-8"?>
<Project ToolsVersion="4.0" xmlns="http://schemas.microsoft.com/developer/msbuild/2003">
  <ItemGroup>
    <Filter Include="Kernel">
      <UniqueIdentifier>{c1626265-16ce-41e1-bf79-916b72b249c8}</UniqueIdentifier>
    </Filter>
    <Filter Include="Application">
      <UniqueIdentifier>{a9b90e2c-432c-4486-8c50-d8acc4625657}</UniqueIdentifier>
    </Filter>
    <Filter Include="Driver">
      <UniqueIdentifier>{2ad30094-4ebf-4b70-8919-ee44ced6d485}</UniqueIdentifier>
    </Filter>
    <Filter Include="Kernel\UnitTest">
      <UniqueIdentifier>{70608603-e5fb-4c89-9e7c-1711a38554a1}</UniqueIdentifier>
    </Filter>
    <Filter Include="Kernel\String">
      <UniqueIdentifier>{c5c415d2-3890-4cd1-87bc-04cdad240048}</UniqueIdentifier>
    </Filter>
    <Filter Include="Kernel\Common">
      <UniqueIdentifier>{62b832d3-8cbb-4df7-8b5e-12b1bc07581c}</UniqueIdentifier>
    </Filter>
    <Filter Include="Kernel\Thread">
      <UniqueIdentifier>{ae25ff17-bb2a-4f83-948a-4538b53c71e3}</UniqueIdentifier>
    </Filter>
    <Filter Include="Driver\Client">
      <UniqueIdentifier>{fc1e7bcf-513b-4ef9-b49e-7ba8305be1b7}</UniqueIdentifier>
    </Filter>
    <Filter Include="Driver\Server">
      <UniqueIdentifier>{52f64c06-6933-46c0-be0d-48fbe5b795cb}</UniqueIdentifier>
    </Filter>
    <Filter Include="Driver\Server\Interface">
      <UniqueIdentifier>{dee602dd-e720-4b03-ad64-ea4cefb0c0a2}</UniqueIdentifier>
    </Filter>
    <Filter Include="Driver\Client\Command">
      <UniqueIdentifier>{fe38779c-7f07-406a-b231-db5a47bf374c}</UniqueIdentifier>
    </Filter>
    <Filter Include="Driver\Server\D3D9">
      <UniqueIdentifier>{db0fbecc-dacf-4f8d-88f3-44a6d471e4df}</UniqueIdentifier>
    </Filter>
    <Filter Include="Driver\Server\D3D9\Command">
      <UniqueIdentifier>{d2fcc89e-0710-4e00-abe9-f5c4f0a1dc76}</UniqueIdentifier>
    </Filter>
  </ItemGroup>
  <ItemGroup>
    <ClInclude Include="..\..\..\Src\Framework\Application\IApplication.h">
      <Filter>Application</Filter>
    </ClInclude>
    <ClInclude Include="..\..\..\Src\Framework\Application\Application.h">
      <Filter>Application</Filter>
    </ClInclude>
    <ClInclude Include="..\..\..\Src\Framework\FatFramework.h" />
    <ClInclude Include="..\..\..\Src\Framework\Kernel\Types.h">
      <Filter>Kernel</Filter>
    </ClInclude>
    <ClInclude Include="..\..\..\Src\Framework\Kernel\String\TCharTraits.h">
      <Filter>Kernel\String</Filter>
    </ClInclude>
    <ClInclude Include="..\..\..\Src\Framework\Kernel\String\TStackString.h">
      <Filter>Kernel\String</Filter>
    </ClInclude>
    <ClInclude Include="..\..\..\Src\Framework\Kernel\String\TString.h">
      <Filter>Kernel\String</Filter>
    </ClInclude>
    <ClInclude Include="..\..\..\Src\Framework\Kernel\Common\Assertion.h">
      <Filter>Kernel\Common</Filter>
    </ClInclude>
    <ClInclude Include="..\..\..\Src\Framework\Kernel\Common\Memory.h">
      <Filter>Kernel\Common</Filter>
    </ClInclude>
    <ClInclude Include="..\..\..\Src\Framework\Kernel\Common\Log.h">
      <Filter>Kernel\Common</Filter>
    </ClInclude>
    <ClInclude Include="..\..\..\Src\Framework\Kernel\UnitTest\UnitTest.h">
      <Filter>Kernel\UnitTest</Filter>
    </ClInclude>
    <ClInclude Include="..\..\..\Src\Framework\Kernel\Common\NonCopyable.h">
      <Filter>Kernel\Common</Filter>
    </ClInclude>
    <ClInclude Include="..\..\..\Src\Framework\Kernel\Common\Time.h">
      <Filter>Kernel\Common</Filter>
    </ClInclude>
    <ClInclude Include="..\..\..\Src\Framework\Kernel\Thread\AtomicInt.h">
      <Filter>Kernel\Thread</Filter>
    </ClInclude>
    <ClInclude Include="..\..\..\Src\Framework\Kernel\Common\OS.h">
      <Filter>Kernel\Common</Filter>
    </ClInclude>
    <ClInclude Include="..\..\..\Src\Framework\Kernel\Common\SmartPtr.h">
      <Filter>Kernel\Common</Filter>
    </ClInclude>
    <ClInclude Include="..\..\..\Src\Framework\Kernel\Thread\Thread.h">
      <Filter>Kernel\Thread</Filter>
    </ClInclude>
    <ClInclude Include="..\..\..\Src\Framework\Kernel\Thread\TAutoLock.h">
      <Filter>Kernel\Thread</Filter>
    </ClInclude>
    <ClInclude Include="..\..\..\Src\Framework\Kernel\Thread\ConditionVariable.h">
      <Filter>Kernel\Thread</Filter>
    </ClInclude>
    <ClInclude Include="..\..\..\Src\Framework\Kernel\Thread\MutexFast.h">
      <Filter>Kernel\Thread</Filter>
    </ClInclude>
    <ClInclude Include="..\..\..\Src\Framework\Driver\Client\FactorySelector.h">
      <Filter>Driver\Client</Filter>
    </ClInclude>
    <ClInclude Include="..\..\..\Src\Framework\Driver\Server\Interface\IServerObject.h">
      <Filter>Driver\Server\Interface</Filter>
    </ClInclude>
    <ClInclude Include="..\..\..\Src\Framework\Driver\Server\Interface\IServerFactory.h">
      <Filter>Driver\Server\Interface</Filter>
    </ClInclude>
    <ClInclude Include="..\..\..\Src\Framework\Driver\Server\Interface\IServerCommand.h">
      <Filter>Driver\Server\Interface</Filter>
    </ClInclude>
    <ClInclude Include="..\..\..\Src\Framework\Driver\Server\Interface\IServerDevice.h">
      <Filter>Driver\Server\Interface</Filter>
    </ClInclude>
    <ClInclude Include="..\..\..\Src\Framework\Driver\Server\Interface\IServerState.h">
      <Filter>Driver\Server\Interface</Filter>
    </ClInclude>
    <ClInclude Include="..\..\..\Src\Framework\Driver\Client\CommandLocker.h">
      <Filter>Driver\Client</Filter>
    </ClInclude>
    <ClInclude Include="..\..\..\Src\Framework\Driver\Client\ICommand.h">
      <Filter>Driver\Client</Filter>
    </ClInclude>
    <ClInclude Include="..\..\..\Src\Framework\Driver\Client\IObject.h">
      <Filter>Driver\Client</Filter>
    </ClInclude>
    <ClInclude Include="..\..\..\Src\Framework\Driver\Client\IState.h">
      <Filter>Driver\Client</Filter>
    </ClInclude>
    <ClInclude Include="..\..\..\Src\Framework\Driver\Client\EStateType.h">
      <Filter>Driver\Client</Filter>
    </ClInclude>
    <ClInclude Include="..\..\..\Src\Framework\Driver\Client\Command\DrawCommand.h">
      <Filter>Driver\Client\Command</Filter>
    </ClInclude>
    <ClInclude Include="..\..\..\Src\Framework\Driver\Client\Command\SwapCommand.h">
      <Filter>Driver\Client\Command</Filter>
    </ClInclude>
    <ClInclude Include="..\..\..\Src\Framework\Driver\Client\Device.h">
      <Filter>Driver\Client</Filter>
    </ClInclude>
    <ClInclude Include="..\..\..\Src\Framework\Driver\Client\CommandBuffer.h">
      <Filter>Driver\Client</Filter>
    </ClInclude>
    <ClInclude Include="..\..\..\Src\Framework\Kernel\PlatformConfig.h">
      <Filter>Kernel</Filter>
    </ClInclude>
    <ClInclude Include="..\..\..\Src\Framework\Kernel\Common\Queue.h">
      <Filter>Kernel\Common</Filter>
    </ClInclude>
  </ItemGroup>
  <ItemGroup>
    <ClCompile Include="..\..\..\Src\Framework\Application\Application.cpp">
      <Filter>Application</Filter>
    </ClCompile>
    <ClCompile Include="..\..\..\Src\Framework\Kernel\Common\Assertion.cpp">
      <Filter>Kernel\Common</Filter>
    </ClCompile>
    <ClCompile Include="..\..\..\Src\Framework\Kernel\Common\Memory.cpp">
      <Filter>Kernel\Common</Filter>
    </ClCompile>
    <ClCompile Include="..\..\..\Src\Framework\Kernel\Common\Log.cpp">
      <Filter>Kernel\Common</Filter>
    </ClCompile>
    <ClCompile Include="..\..\..\Src\Framework\Kernel\UnitTest\UnitTest.cpp">
      <Filter>Kernel\UnitTest</Filter>
    </ClCompile>
    <ClCompile Include="..\..\..\Src\Framework\Kernel\Common\Time.cpp">
      <Filter>Kernel\Common</Filter>
    </ClCompile>
    <ClCompile Include="..\..\..\Src\Framework\Kernel\Thread\AtomicInt.cpp">
      <Filter>Kernel\Thread</Filter>
    </ClCompile>
    <ClCompile Include="..\..\..\Src\Framework\Kernel\Common\OS.cpp">
      <Filter>Kernel\Common</Filter>
    </ClCompile>
    <ClCompile Include="..\..\..\Src\Framework\Application\Application_Android.cpp">
      <Filter>Application</Filter>
    </ClCompile>
    <ClCompile Include="..\..\..\Src\Framework\Kernel\Thread\Thread.cpp">
      <Filter>Kernel\Thread</Filter>
    </ClCompile>
    <ClCompile Include="..\..\..\Src\Framework\Kernel\Thread\ConditionVariable.cpp">
      <Filter>Kernel\Thread</Filter>
    </ClCompile>
    <ClCompile Include="..\..\..\Src\Framework\Kernel\Thread\MutexFast.cpp">
      <Filter>Kernel\Thread</Filter>
    </ClCompile>
    <ClCompile Include="..\..\..\Src\Framework\Driver\Client\FactorySelector.cpp">
      <Filter>Driver\Client</Filter>
    </ClCompile>
    <ClCompile Include="..\..\..\Src\Framework\Driver\Server\Interface\IServerFactory.cpp">
      <Filter>Driver\Server\Interface</Filter>
    </ClCompile>
    <ClCompile Include="..\..\..\Src\Framework\Driver\Server\Interface\IServerDevice.cpp">
      <Filter>Driver\Server\Interface</Filter>
    </ClCompile>
    <ClCompile Include="..\..\..\Src\Framework\Driver\Client\CommandLocker.cpp">
      <Filter>Driver\Client</Filter>
    </ClCompile>
    <ClCompile Include="..\..\..\Src\Framework\Driver\Client\ICommand.cpp">
      <Filter>Driver\Client</Filter>
    </ClCompile>
    <ClCompile Include="..\..\..\Src\Framework\Driver\Client\IObject.cpp">
      <Filter>Driver\Client</Filter>
    </ClCompile>
    <ClCompile Include="..\..\..\Src\Framework\Driver\Client\IState.cpp">
      <Filter>Driver\Client</Filter>
    </ClCompile>
    <ClCompile Include="..\..\..\Src\Framework\Driver\Client\Command\DrawCommand.cpp">
      <Filter>Driver\Client\Command</Filter>
    </ClCompile>
    <ClCompile Include="..\..\..\Src\Framework\Driver\Client\Command\SwapCommand.cpp">
      <Filter>Driver\Client\Command</Filter>
    </ClCompile>
    <ClCompile Include="..\..\..\Src\Framework\Driver\Client\Device.cpp">
      <Filter>Driver\Client</Filter>
    </ClCompile>
    <ClCompile Include="..\..\..\Src\Framework\Driver\Client\CommandBuffer.cpp">
      <Filter>Driver\Client</Filter>
    </ClCompile>
  </ItemGroup>
</Project>